
Microsoft Visual Studio Solution File, Format Version 12.00
# Visual Studio Version 16
VisualStudioVersion = 16.0.31829.152
MinimumVisualStudioVersion = 10.0.40219.1
Project("{FAE04EC0-301F-11D3-BF4B-00C04F79EFBC}") = "Day20MoodAnalyzer", "Day20MoodAnalyzer\Day20MoodAnalyzer.csproj", "{87B3BC41-ED1F-48E3-8EC0-192A015D7B30}"
EndProject
Project("{FAE04EC0-301F-11D3-BF4B-00C04F79EFBC}") = "MoodAnalyzerTest", "MoodAnalyzerTest\MoodAnalyzerTest.csproj", "{78EF5AA3-4E9E-46E2-8FC8-F69BDBC9F70F}"
EndProject
Global
	GlobalSection(SolutionConfigurationPlatforms) = preSolution
		Debug|Any CPU = Debug|Any CPU
		Release|Any CPU = Release|Any CPU
	EndGlobalSection
	GlobalSection(ProjectConfigurationPlatforms) = postSolution
		{87B3BC41-ED1F-48E3-8EC0-192A015D7B30}.Debug|Any CPU.ActiveCfg = Debug|Any CPU
		{87B3BC41-ED1F-48E3-8EC0-192A015D7B30}.Debug|Any CPU.Build.0 = Debug|Any CPU
		{87B3BC41-ED1F-48E3-8EC0-192A015D7B30}.Release|Any CPU.ActiveCfg = Release|Any CPU
		{87B3BC41-ED1F-48E3-8EC0-192A015D7B30}.Release|Any CPU.Build.0 = Release|Any CPU
		{78EF5AA3-4E9E-46E2-8FC8-F69BDBC9F70F}.Debug|Any CPU.ActiveCfg = Debug|Any CPU
		{78EF5AA3-4E9E-46E2-8FC8-F69BDBC9F70F}.Debug|Any CPU.Build.0 = Debug|Any CPU
		{78EF5AA3-4E9E-46E2-8FC8-F69BDBC9F70F}.Release|Any CPU.ActiveCfg = Release|Any CPU
		{78EF5AA3-4E9E-46E2-8FC8-F69BDBC9F70F}.Release|Any CPU.Build.0 = Release|Any CPU
	EndGlobalSection
	GlobalSection(SolutionProperties) = preSolution
		HideSolutionNode = FALSE
	EndGlobalSection
	GlobalSection(ExtensibilityGlobals) = postSolution
		SolutionGuid = {5DCEE244-5A71-4852-87C0-45C3E7493374}
	EndGlobalSection
EndGlobal
